{
  "name": "styleco",
  "lockfileVersion": 3,
  "requires": true,
  "packages": {
    "": {
      "name": "styleco",
      "devDependencies": {
        "prettier": "^3.6.2"
      },
      "engines": {
        "node": ">=24 <25"
      }
    },
    "node_modules/.pnpm/prettier@3.9.6/node_modules/prettier": {
      "version": "3.9.6",
      "dev": true,
      "license": "MIT",
      "bin": {
        "prettier": "bin/prettier.cjs"
      },
      "engines": {
        "node": ">=14"
      },
      "funding": {
        "url": "https://github.com/prettier/prettier?sponsor=1"
      }
    },
    "node_modules/prettier": {
      "resolved": "node_modules/.pnpm/prettier@3.9.6/node_modules/prettier",
      "link": true
    }
  }
}
